
Microsoft Visual Studio Solution File, Format Version 12.00
# Visual Studio Version 17
VisualStudioVersion = 17.7.34009.444
MinimumVisualStudioVersion = 10.0.40219.1
Project("{FAE04EC0-301F-11D3-BF4B-00C04F79EFBC}") = "RabbitMQMassTransit.Api", "RabbitMQMassTransit\RabbitMQMassTransit.Api.csproj", "{1C7D11D0-903A-4AAF-A7CE-EB32E339FBF8}"
EndProject
Project("{FAE04EC0-301F-11D3-BF4B-00C04F79EFBC}") = "RabbitMQMassTransit.Shared", "SharedLib\RabbitMQMassTransit.Shared.csproj", "{1E6A18F5-12AB-4613-A7AC-0254575671E1}"
EndProject
Project("{FAE04EC0-301F-11D3-BF4B-00C04F79EFBC}") = "RabbitMQMassTransit.Consumer", "RabbitMQMassTransit.Consumer\RabbitMQMassTransit.Consumer.csproj", "{9C4DE177-90F9-4CB5-A6B2-27A4C6452B5A}"
EndProject
Global
	GlobalSection(SolutionConfigurationPlatforms) = preSolution
		Debug|Any CPU = Debug|Any CPU
		Release|Any CPU = Release|Any CPU
	EndGlobalSection
	GlobalSection(ProjectConfigurationPlatforms) = postSolution
		{1C7D11D0-903A-4AAF-A7CE-EB32E339FBF8}.Debug|Any CPU.ActiveCfg = Debug|Any CPU
		{1C7D11D0-903A-4AAF-A7CE-EB32E339FBF8}.Debug|Any CPU.Build.0 = Debug|Any CPU
		{1C7D11D0-903A-4AAF-A7CE-EB32E339FBF8}.Release|Any CPU.ActiveCfg = Release|Any CPU
		{1C7D11D0-903A-4AAF-A7CE-EB32E339FBF8}.Release|Any CPU.Build.0 = Release|Any CPU
		{1E6A18F5-12AB-4613-A7AC-0254575671E1}.Debug|Any CPU.ActiveCfg = Debug|Any CPU
		{1E6A18F5-12AB-4613-A7AC-0254575671E1}.Debug|Any CPU.Build.0 = Debug|Any CPU
		{1E6A18F5-12AB-4613-A7AC-0254575671E1}.Release|Any CPU.ActiveCfg = Release|Any CPU
		{1E6A18F5-12AB-4613-A7AC-0254575671E1}.Release|Any CPU.Build.0 = Release|Any CPU
		{9C4DE177-90F9-4CB5-A6B2-27A4C6452B5A}.Debug|Any CPU.ActiveCfg = Debug|Any CPU
		{9C4DE177-90F9-4CB5-A6B2-27A4C6452B5A}.Debug|Any CPU.Build.0 = Debug|Any CPU
		{9C4DE177-90F9-4CB5-A6B2-27A4C6452B5A}.Release|Any CPU.ActiveCfg = Release|Any CPU
		{9C4DE177-90F9-4CB5-A6B2-27A4C6452B5A}.Release|Any CPU.Build.0 = Release|Any CPU
	EndGlobalSection
	GlobalSection(SolutionProperties) = preSolution
		HideSolutionNode = FALSE
	EndGlobalSection
	GlobalSection(ExtensibilityGlobals) = postSolution
		SolutionGuid = {01BC11D8-F7FE-48DD-9DF1-7EC7BB115833}
	EndGlobalSection
EndGlobal
